{
    "_readme": [
        "This file locks the dependencies of your project to a known state",
        "Read more about it at https://getcomposer.org/doc/01-basic-usage.md#installing-dependencies",
        "This file is @generated automatically"
    ],
    "content-hash": "db6d39ef5bbc61293c8fafd3132abf34",
    "packages": [],
    "packages-dev": [],
    "aliases": [],
    "minimum-stability": "stable",
    "stability-flags": [],
    "prefer-stable": false,
    "prefer-lowest": false,
    "platform": {
        "php": ">=5.6",
        "ext-mbstring": "*",
        "ext-json": "*",
        "ext-curl": "*",
        "ext-pdo": "*"
    },
    "platform-dev": {
        "ext-ssh2": "*"
    },
    "plugin-api-version": "2.3.0"
}
